
Microsoft Visual Studio Solution File, Format Version 12.00
# Visual Studio Version 17
VisualStudioVersion = 17.9.34714.143
MinimumVisualStudioVersion = 10.0.40219.1
Project("{FAE04EC0-301F-11D3-BF4B-00C04F79EFBC}") = "Tcc_senai", "Tcc_senai.csproj", "{1422578A-89E4-4C07-B38F-D4196CD6B0D8}"
EndProject
Global
	GlobalSection(SolutionConfigurationPlatforms) = preSolution
		Debug|Any CPU = Debug|Any CPU
		Release|Any CPU = Release|Any CPU
	EndGlobalSection
	GlobalSection(ProjectConfigurationPlatforms) = postSolution
		{1422578A-89E4-4C07-B38F-D4196CD6B0D8}.Debug|Any CPU.ActiveCfg = Debug|Any CPU
		{1422578A-89E4-4C07-B38F-D4196CD6B0D8}.Debug|Any CPU.Build.0 = Debug|Any CPU
		{1422578A-89E4-4C07-B38F-D4196CD6B0D8}.Release|Any CPU.ActiveCfg = Release|Any CPU
		{1422578A-89E4-4C07-B38F-D4196CD6B0D8}.Release|Any CPU.Build.0 = Release|Any CPU
	EndGlobalSection
	GlobalSection(SolutionProperties) = preSolution
		HideSolutionNode = FALSE
	EndGlobalSection
	GlobalSection(ExtensibilityGlobals) = postSolution
		SolutionGuid = {68D9A2BF-C4F2-4E7F-838B-2A12EFDD2E0B}
	EndGlobalSection
EndGlobal
